{
  "name": "Police-QR-Code-Feedback-System-2023",
  "lockfileVersion": 2,
  "requires": true,
  "packages": {
    "": {
      "dependencies": {
        "firebaseui": "^6.1.0"
      }
    },
    "node_modules/dialog-polyfill": {
      "version": "0.4.10",
      "resolved": "https://registry.npmjs.org/dialog-polyfill/-/dialog-polyfill-0.4.10.tgz",
      "integrity": "sha512-j5yGMkP8T00UFgyO+78OxiN5vC5dzRQF3BEio+LhNvDbyfxWBsi3sfPArDm54VloaJwy2hm3erEiDWqHRC8rzw=="
    },
    "node_modules/firebaseui": {
      "version": "6.1.0",
      "resolved": "https://registry.npmjs.org/firebaseui/-/firebaseui-6.1.0.tgz",
      "integrity": "sha512-5WiVYVxPGMANuZKxg6KLyU1tyqIsbqf/59Zm4HrdFYwPtM5lxxB0THvgaIk4ix+hCgF0qmY89sKiktcifKzGIA==",
      "dependencies": {
        "dialog-polyfill": "^0.4.7",
        "material-design-lite": "^1.2.0"
      },
      "peerDependencies": {
        "firebase": "^9.1.3 || ^10.0.0"
      }
    },
    "node_modules/material-design-lite": {
      "version": "1.3.0",
      "resolved": "https://registry.npmjs.org/material-design-lite/-/material-design-lite-1.3.0.tgz",
      "integrity": "sha512-ao76b0bqSTKcEMt7Pui+J/S3eVF0b3GWfuKUwfe2lP5DKlLZOwBq37e0/bXEzxrw7/SuHAuYAdoCwY6mAYhrsg==",
      "engines": {
        "node": ">=0.12.0"
      }
    }
  },
  "dependencies": {
    "dialog-polyfill": {
      "version": "0.4.10",
      "resolved": "https://registry.npmjs.org/dialog-polyfill/-/dialog-polyfill-0.4.10.tgz",
      "integrity": "sha512-j5yGMkP8T00UFgyO+78OxiN5vC5dzRQF3BEio+LhNvDbyfxWBsi3sfPArDm54VloaJwy2hm3erEiDWqHRC8rzw=="
    },
    "firebaseui": {
      "version": "6.1.0",
      "resolved": "https://registry.npmjs.org/firebaseui/-/firebaseui-6.1.0.tgz",
      "integrity": "sha512-5WiVYVxPGMANuZKxg6KLyU1tyqIsbqf/59Zm4HrdFYwPtM5lxxB0THvgaIk4ix+hCgF0qmY89sKiktcifKzGIA==",
      "requires": {
        "dialog-polyfill": "^0.4.7",
        "material-design-lite": "^1.2.0"
      }
    },
    "material-design-lite": {
      "version": "1.3.0",
      "resolved": "https://registry.npmjs.org/material-design-lite/-/material-design-lite-1.3.0.tgz",
      "integrity": "sha512-ao76b0bqSTKcEMt7Pui+J/S3eVF0b3GWfuKUwfe2lP5DKlLZOwBq37e0/bXEzxrw7/SuHAuYAdoCwY6mAYhrsg=="
    }
  }
}
